PODS:
  - Charts (3.0.2):
    - Charts/Core (= 3.0.2)
  - Charts/Core (3.0.2)
  - ChartsRealm (3.0.2):
    - Charts (~> 3.0.2)
    - RealmSwift (~> 2.4)
  - FSCalendar (2.7.9)
  - MBProgressHUD (1.0.0)
  - Realm (2.9.1):
    - Realm/Headers (= 2.9.1)
  - Realm/Headers (2.9.1)
  - RealmSwift (2.9.1):
    - Realm (= 2.9.1)

DEPENDENCIES:
  - Charts
  - ChartsRealm
  - FSCalendar
  - MBProgressHUD (~> 1.0.0)

SPEC CHECKSUMS:
  Charts: 236d6ccdd0ce6feae151d89e829a7397381a21fd
  ChartsRealm: ed0332fd409298188a2b71e9548604165c987d42
  FSCalendar: a04b09f16f811bc92e82f3cf852a15225233b9d5
  MBProgressHUD: 4890f671c94e8a0f3cf959aa731e9de2f036d71a
  Realm: f91fb43bd474c4f731a116ebf7392c75dd015920
  RealmSwift: 207f12a4a36b696c5183c60a1c06d70234a23e56

PODFILE CHECKSUM: f8d2a1fcd25be45d96e012d525c751c8369377fc

COCOAPODS: 1.3.1
